// !$*UTF8*$!
{
	archiveVersion = 1;
	classes = {
	};
	objectVersion = 56;
	objects = {

/* Begin PBXBuildFile section */
		9FF8342E2907BA8500755E54 /* sddappinprogress01.swift in Sources */ = {isa = PBXBuildFile; fileRef = 9FF8342D2907BA8500755E54 /* sddappinprogress01.swift */; };
		9FF834302907BA8500755E54 /* ContentView.swift in Sources */ = {isa = PBXBuildFile; fileRef = 9FF8342F2907BA8500755E54 /* ContentView.swift */; };
		9FF834322907BA8700755E54 /* Assets.xcassets in Resources */ = {isa = PBXBuildFile; fileRef = 9FF834312907BA8700755E54 /* Assets.xcassets */; };
		9FF834352907BA8700755E54 /* Preview Assets.xcassets in Resources */ = {isa = PBXBuildFile; fileRef = 9FF834342907BA8700755E54 /* Preview Assets.xcassets */; };
		9FF8343F2907BA8700755E54 /* sddappinprogress01Tests.swift in Sources */ = {isa = PBXBuildFile; fileRef = 9FF8343E2907BA8700755E54 /* sddappinprogress01Tests.swift */; };
		9FF834492907BA8700755E54 /* sddappinprogress01UITests.swift in Sources */ = {isa = PBXBuildFile; fileRef = 9FF834482907BA8700755E54 /* sddappinprogress01UITests.swift */; };
		9FF8344B2907BA8700755E54 /* sddappinprogress01UITestsLaunchTests.swift in Sources */ = {isa = PBXBuildFile; fileRef = 9FF8344A2907BA8700755E54 /* sddappinprogress01UITestsLaunchTests.swift */; };
/* End PBXBuildFile section */

/* Begin PBXContainerItemProxy section */
		9FF8343B2907BA8700755E54 /* PBXContainerItemProxy */ = {
			isa = PBXContainerItemProxy;
			containerPortal = 9FF834222907BA8500755E54 /* Project object */;
			proxyType = 1;
			remoteGlobalIDString = 9FF834292907BA8500755E54;
			remoteInfo = sddappinprogress01;
		};
		9FF834452907BA8700755E54 /* PBXContainerItemProxy */ = {
			isa = PBXContainerItemProxy;
			containerPortal = 9FF834222907BA8500755E54 /* Project object */;
			proxyType = 1;
			remoteGlobalIDString = 9FF834292907BA8500755E54;
			remoteInfo = sddappinprogress01;
		};
/* End PBXContainerItemProxy section */

/* Begin PBXFileReference section */
		9FF8342A2907BA8500755E54 /* sddappinprogress01.app */ = {isa = PBXFileReference; explicitFileType = wrapper.application; includeInIndex = 0; path = sddappinprogress01.app; sourceTree = BUILT_PRODUCTS_DIR; };
		9FF8342D2907BA8500755E54 /* sddappinprogress01.swift */ = {isa = PBXFileReference; lastKnownFileType = sourcecode.swift; path = sddappinprogress01.swift; sourceTree = "<group>"; };
		9FF8342F2907BA8500755E54 /* ContentView.swift */ = {isa = PBXFileReference; lastKnownFileType = sourcecode.swift; path = ContentView.swift; sourceTree = "<group>"; };
		9FF834312907BA8700755E54 /* Assets.xcassets */ = {isa = PBXFileReference; lastKnownFileType = folder.assetcatalog; path = Assets.xcassets; sourceTree = "<group>"; };
		9FF834342907BA8700755E54 /* Preview Assets.xcassets */ = {isa = PBXFileReference; lastKnownFileType = folder.assetcatalog; path = "Preview Assets.xcassets"; sourceTree = "<group>"; };
		9FF8343A2907BA8700755E54 /* sddappinprogress01Tests.xctest */ = {isa = PBXFileReference; explicitFileType = wrapper.cfbundle; includeInIndex = 0; path = sddappinprogress01Tests.xctest; sourceTree = BUILT_PRODUCTS_DIR; };
		9FF8343E2907BA8700755E54 /* sddappinprogress01Tests.swift */ = {isa = PBXFileReference; lastKnownFileType = sourcecode.swift; path = sddappinprogress01Tests.swift; sourceTree = "<group>"; };
		9FF834442907BA8700755E54 /* sddappinprogress01UITests.xctest */ = {isa = PBXFileReference; explicitFileType = wrapper.cfbundle; includeInIndex = 0; path = sddappinprogress01UITests.xctest; sourceTree = BUILT_PRODUCTS_DIR; };
		9FF834482907BA8700755E54 /* sddappinprogress01UITests.swift */ = {isa = PBXFileReference; lastKnownFileType = sourcecode.swift; path = sddappinprogress01UITests.swift; sourceTree = "<group>"; };
		9FF8344A2907BA8700755E54 /* sddappinprogress01UITestsLaunchTests.swift */ = {isa = PBXFileReference; lastKnownFileType = sourcecode.swift; path = sddappinprogress01UITestsLaunchTests.swift; sourceTree = "<group>"; };
/* End PBXFileReference section */

/* Begin PBXFrameworksBuildPhase section */
		9FF834272907BA8500755E54 /* Frameworks */ = {
			isa = PBXFrameworksBuildPhase;
			buildActionMask = 2147483647;
			files = (
			);
			runOnlyForDeploymentPostprocessing = 0;
		};
		9FF834372907BA8700755E54 /* Frameworks */ = {
			isa = PBXFrameworksBuildPhase;
			buildActionMask = 2147483647;
			files = (
			);
			runOnlyForDeploymentPostprocessing = 0;
		};
		9FF834412907BA8700755E54 /* Frameworks */ = {
			isa = PBXFrameworksBuildPhase;
			buildActionMask = 2147483647;
			files = (
			);
			runOnlyForDeploymentPostprocessing = 0;
		};
/* End PBXFrameworksBuildPhase section */

/* Begin PBXGroup section */
		9FF834212907BA8500755E54 = {
			isa = PBXGroup;
			children = (
				9FF8342C2907BA8500755E54 /* sddappinprogress01 */,
				9FF8343D2907BA8700755E54 /* sddappinprogress01Tests */,
				9FF834472907BA8700755E54 /* sddappinprogress01UITests */,
				9FF8342B2907BA8500755E54 /* Products */,
			);
			sourceTree = "<group>";
		};
		9FF8342B2907BA8500755E54 /* Products */ = {
			isa = PBXGroup;
			children = (
				9FF8342A2907BA8500755E54 /* sddappinprogress01.app */,
				9FF8343A2907BA8700755E54 /* sddappinprogress01Tests.xctest */,
				9FF834442907BA8700755E54 /* sddappinprogress01UITests.xctest */,
			);
			name = Products;
			sourceTree = "<group>";
		};
		9FF8342C2907BA8500755E54 /* sddappinprogress01 */ = {
			isa = PBXGroup;
			children = (
				9FF8342D2907BA8500755E54 /* sddappinprogress01.swift */,
				9FF8342F2907BA8500755E54 /* ContentView.swift */,
				9FF834312907BA8700755E54 /* Assets.xcassets */,
				9FF834332907BA8700755E54 /* Preview Content */,
			);
			path = sddappinprogress01;
			sourceTree = "<group>";
		};
		9FF834332907BA8700755E54 /* Preview Content */ = {
			isa = PBXGroup;
			children = (
				9FF834342907BA8700755E54 /* Preview Assets.xcassets */,
			);
			path = "Preview Content";
			sourceTree = "<group>";
		};
		9FF8343D2907BA8700755E54 /* sddappinprogress01Tests */ = {
			isa = PBXGroup;
			children = (
				9FF8343E2907BA8700755E54 /* sddappinprogress01Tests.swift */,
			);
			path = sddappinprogress01Tests;
			sourceTree = "<group>";
		};
		9FF834472907BA8700755E54 /* sddappinprogress01UITests */ = {
			isa = PBXGroup;
			children = (
				9FF834482907BA8700755E54 /* sddappinprogress01UITests.swift */,
				9FF8344A2907BA8700755E54 /* sddappinprogress01UITestsLaunchTests.swift */,
			);
			path = sddappinprogress01UITests;
			sourceTree = "<group>";
		};
/* End PBXGroup section */

/* Begin PBXNativeTarget section */
		9FF834292907BA8500755E54 /* sddappinprogress01 */ = {
			isa = PBXNativeTarget;
			buildConfigurationList = 9FF8344E2907BA8700755E54 /* Build configuration list for PBXNativeTarget "sddappinprogress01" */;
			buildPhases = (
				9FF834262907BA8500755E54 /* Sources */,
				9FF834272907BA8500755E54 /* Frameworks */,
				9FF834282907BA8500755E54 /* Resources */,
			);
			buildRules = (
			);
			dependencies = (
			);
			name = sddappinprogress01;
			productName = sddappinprogress01;
			productReference = 9FF8342A2907BA8500755E54 /* sddappinprogress01.app */;
			productType = "com.apple.product-type.application";
		};
		9FF834392907BA8700755E54 /* sddappinprogress01Tests */ = {
			isa = PBXNativeTarget;
			buildConfigurationList = 9FF834512907BA8700755E54 /* Build configuration list for PBXNativeTarget "sddappinprogress01Tests" */;
			buildPhases = (
				9FF834362907BA8700755E54 /* Sources */,
				9FF834372907BA8700755E54 /* Frameworks */,
				9FF834382907BA8700755E54 /* Resources */,
			);
			buildRules = (
			);
			dependencies = (
				9FF8343C2907BA8700755E54 /* PBXTargetDependency */,
			);
			name = sddappinprogress01Tests;
			productName = sddappinprogress01Tests;
			productReference = 9FF8343A2907BA8700755E54 /* sddappinprogress01Tests.xctest */;
			productType = "com.apple.product-type.bundle.unit-test";
		};
		9FF834432907BA8700755E54 /* sddappinprogress01UITests */ = {
			isa = PBXNativeTarget;
			buildConfigurationList = 9FF834542907BA8700755E54 /* Build configuration list for PBXNativeTarget "sddappinprogress01UITests" */;
			buildPhases = (
				9FF834402907BA8700755E54 /* Sources */,
				9FF834412907BA8700755E54 /* Frameworks */,
				9FF834422907BA8700755E54 /* Resources */,
			);
			buildRules = (
			);
			dependencies = (
				9FF834462907BA8700755E54 /* PBXTargetDependency */,
			);
			name = sddappinprogress01UITests;
			productName = sddappinprogress01UITests;
			productReference = 9FF834442907BA8700755E54 /* sddappinprogress01UITests.xctest */;
			productType = "com.apple.product-type.bundle.ui-testing";
		};
/* End PBXNativeTarget section */

/* Begin PBXProject section */
		9FF834222907BA8500755E54 /* Project object */ = {
			isa = PBXProject;
			attributes = {
				BuildIndependentTargetsInParallel = 1;
				LastSwiftUpdateCheck = 1400;
				LastUpgradeCheck = 1400;
				TargetAttributes = {
					9FF834292907BA8500755E54 = {
						CreatedOnToolsVersion = 14.0.1;
					};
					9FF834392907BA8700755E54 = {
						CreatedOnToolsVersion = 14.0.1;
						TestTargetID = 9FF834292907BA8500755E54;
					};
					9FF834432907BA8700755E54 = {
						CreatedOnToolsVersion = 14.0.1;
						TestTargetID = 9FF834292907BA8500755E54;
					};
				};
			};
			buildConfigurationList = 9FF834252907BA8500755E54 /* Build configuration list for PBXProject "sddappinprogress01" */;
			compatibilityVersion = "Xcode 14.0";
			developmentRegion = en;
			hasScannedForEncodings = 0;
			knownRegions = (
				en,
				Base,
			);
			mainGroup = 9FF834212907BA8500755E54;
			productRefGroup = 9FF8342B2907BA8500755E54 /* Products */;
			projectDirPath = "";
			projectRoot = "";
			targets = (
				9FF834292907BA8500755E54 /* sddappinprogress01 */,
				9FF834392907BA8700755E54 /* sddappinprogress01Tests */,
				9FF834432907BA8700755E54 /* sddappinprogress01UITests */,
			);
		};
/* End PBXProject section */

/* Begin PBXResourcesBuildPhase section */
		9FF834282907BA8500755E54 /* Resources */ = {
			isa = PBXResourcesBuildPhase;
			buildActionMask = 2147483647;
			files = (
				9FF834352907BA8700755E54 /* Preview Assets.xcassets in Resources */,
				9FF834322907BA8700755E54 /* Assets.xcassets in Resources */,
			);
			runOnlyForDeploymentPostprocessing = 0;
		};
		9FF834382907BA8700755E54 /* Resources */ = {
			isa = PBXResourcesBuildPhase;
			buildActionMask = 2147483647;
			files = (
			);
			runOnlyForDeploymentPostprocessing = 0;
		};
		9FF834422907BA8700755E54 /* Resources */ = {
			isa = PBXResourcesBuildPhase;
			buildActionMask = 2147483647;
			files = (
			);
			runOnlyForDeploymentPostprocessing = 0;
		};
/* End PBXResourcesBuildPhase section */

/* Begin PBXSourcesBuildPhase section */
		9FF834262907BA8500755E54 /* Sources */ = {
			isa = PBXSourcesBuildPhase;
			buildActionMask = 2147483647;
			files = (
				9FF834302907BA8500755E54 /* ContentView.swift in Sources */,
				9FF8342E2907BA8500755E54 /* sddappinprogress01.swift in Sources */,
			);
			runOnlyForDeploymentPostprocessing = 0;
		};
		9FF834362907BA8700755E54 /* Sources */ = {
			isa = PBXSourcesBuildPhase;
			buildActionMask = 2147483647;
			files = (
				9FF8343F2907BA8700755E54 /* sddappinprogress01Tests.swift in Sources */,
			);
			runOnlyForDeploymentPostprocessing = 0;
		};
		9FF834402907BA8700755E54 /* Sources */ = {
			isa = PBXSourcesBuildPhase;
			buildActionMask = 2147483647;
			files = (
				9FF834492907BA8700755E54 /* sddappinprogress01UITests.swift in Sources */,
				9FF8344B2907BA8700755E54 /* sddappinprogress01UITestsLaunchTests.swift in Sources */,
			);
			runOnlyForDeploymentPostprocessing = 0;
		};
/* End PBXSourcesBuildPhase section */

/* Begin PBXTargetDependency section */
		9FF8343C2907BA8700755E54 /* PBXTargetDependency */ = {
			isa = PBXTargetDependency;
			target = 9FF834292907BA8500755E54 /* sddappinprogress01 */;
			targetProxy = 9FF8343B2907BA8700755E54 /* PBXContainerItemProxy */;
		};
		9FF834462907BA8700755E54 /* PBXTargetDependency */ = {
			isa = PBXTargetDependency;
			target = 9FF834292907BA8500755E54 /* sddappinprogress01 */;
			targetProxy = 9FF834452907BA8700755E54 /* PBXContainerItemProxy */;
		};
/* End PBXTargetDependency section */

/* Begin XCBuildConfiguration section */
		9FF8344C2907BA8700755E54 /* Debug */ = {
			isa = XCBuildConfiguration;
			buildSettings = {
				ALWAYS_SEARCH_USER_PATHS = NO;
				CLANG_ANALYZER_NONNULL = YES;
				CLANG_ANALYZER_NUMBER_OBJECT_CONVERSION = YES_AGGRESSIVE;
				CLANG_CXX_LANGUAGE_STANDARD = "gnu++20";
				CLANG_ENABLE_MODULES = YES;
				CLANG_ENABLE_OBJC_ARC = YES;
				CLANG_ENABLE_OBJC_WEAK = YES;
				CLANG_WARN_BLOCK_CAPTURE_AUTORELEASING = YES;
				CLANG_WARN_BOOL_CONVERSION = YES;
				CLANG_WARN_COMMA = YES;
				CLANG_WARN_CONSTANT_CONVERSION = YES;
				CLANG_WARN_DEPRECATED_OBJC_IMPLEMENTATIONS = YES;
				CLANG_WARN_DIRECT_OBJC_ISA_USAGE = YES_ERROR;
				CLANG_WARN_DOCUMENTATION_COMMENTS = YES;
				CLANG_WARN_EMPTY_BODY = YES;
				CLANG_WARN_ENUM_CONVERSION = YES;
				CLANG_WARN_INFINITE_RECURSION = YES;
				CLANG_WARN_INT_CONVERSION = YES;
				CLANG_WARN_NON_LITERAL_NULL_CONVERSION = YES;
				CLANG_WARN_OBJC_IMPLICIT_RETAIN_SELF = YES;
				CLANG_WARN_OBJC_LITERAL_CONVERSION = YES;
				CLANG_WARN_OBJC_ROOT_CLASS = YES_ERROR;
				CLANG_WARN_QUOTED_INCLUDE_IN_FRAMEWORK_HEADER = YES;
				CLANG_WARN_RANGE_LOOP_ANALYSIS = YES;
				CLANG_WARN_STRICT_PROTOTYPES = YES;
				CLANG_WARN_SUSPICIOUS_MOVE = YES;
				CLANG_WARN_UNGUARDED_AVAILABILITY = YES_AGGRESSIVE;
				CLANG_WARN_UNREACHABLE_CODE = YES;
				CLANG_WARN__DUPLICATE_METHOD_MATCH = YES;
				COPY_PHASE_STRIP = NO;
				DEBUG_INFORMATION_FORMAT = dwarf;
				ENABLE_STRICT_OBJC_MSGSEND = YES;
				ENABLE_TESTABILITY = YES;
				GCC_C_LANGUAGE_STANDARD = gnu11;
				GCC_DYNAMIC_NO_PIC = NO;
				GCC_NO_COMMON_BLOCKS = YES;
				GCC_OPTIMIZATION_LEVEL = 0;
				GCC_PREPROCESSOR_DEFINITIONS = (
					"DEBUG=1",
					"$(inherited)",
				);
				GCC_WARN_64_TO_32_BIT_CONVERSION = YES;
				GCC_WARN_ABOUT_RETURN_TYPE = YES_ERROR;
				GCC_WARN_UNDECLARED_SELECTOR = YES;
				GCC_WARN_UNINITIALIZED_AUTOS = YES_AGGRESSIVE;
				GCC_WARN_UNUSED_FUNCTION = YES;
				GCC_WARN_UNUSED_VARIABLE = YES;
				IPHONEOS_DEPLOYMENT_TARGET = 16.0;
				MTL_ENABLE_DEBUG_INFO = INCLUDE_SOURCE;
				MTL_FAST_MATH = YES;
				ONLY_ACTIVE_ARCH = YES;
				SDKROOT = iphoneos;
				SWIFT_ACTIVE_COMPILATION_CONDITIONS = DEBUG;
				SWIFT_OPTIMIZATION_LEVEL = "-Onone";
			};
			name = Debug;
		};
		9FF8344D2907BA8700755E54 /* Release */ = {
			isa = XCBuildConfiguration;
			buildSettings = {
				ALWAYS_SEARCH_USER_PATHS = NO;
				CLANG_ANALYZER_NONNULL = YES;
				CLANG_ANALYZER_NUMBER_OBJECT_CONVERSION = YES_AGGRESSIVE;
				CLANG_CXX_LANGUAGE_STANDARD = "gnu++20";
				CLANG_ENABLE_MODULES = YES;
				CLANG_ENABLE_OBJC_ARC = YES;
				CLANG_ENABLE_OBJC_WEAK = YES;
				CLANG_WARN_BLOCK_CAPTURE_AUTORELEASING = YES;
				CLANG_WARN_BOOL_CONVERSION = YES;
				CLANG_WARN_COMMA = YES;
				CLANG_WARN_CONSTANT_CONVERSION = YES;
				CLANG_WARN_DEPRECATED_OBJC_IMPLEMENTATIONS = YES;
				CLANG_WARN_DIRECT_OBJC_ISA_USAGE = YES_ERROR;
				CLANG_WARN_DOCUMENTATION_COMMENTS = YES;
				CLANG_WARN_EMPTY_BODY = YES;
				CLANG_WARN_ENUM_CONVERSION = YES;
				CLANG_WARN_INFINITE_RECURSION = YES;
				CLANG_WARN_INT_CONVERSION = YES;
				CLANG_WARN_NON_LITERAL_NULL_CONVERSION = YES;
				CLANG_WARN_OBJC_IMPLICIT_RETAIN_SELF = YES;
				CLANG_WARN_OBJC_LITERAL_CONVERSION = YES;
				CLANG_WARN_OBJC_ROOT_CLASS = YES_ERROR;
				CLANG_WARN_QUOTED_INCLUDE_IN_FRAMEWORK_HEADER = YES;
				CLANG_WARN_RANGE_LOOP_ANALYSIS = YES;
				CLANG_WARN_STRICT_PROTOTYPES = YES;
				CLANG_WARN_SUSPICIOUS_MOVE = YES;
				CLANG_WARN_UNGUARDED_AVAILABILITY = YES_AGGRESSIVE;
				CLANG_WARN_UNREACHABLE_CODE = YES;
				CLANG_WARN__DUPLICATE_METHOD_MATCH = YES;
				COPY_PHASE_STRIP = NO;
				DEBUG_INFORMATION_FORMAT = "dwarf-with-dsym";
				ENABLE_NS_ASSERTIONS = NO;
				ENABLE_STRICT_OBJC_MSGSEND = YES;
				GCC_C_LANGUAGE_STANDARD = gnu11;
				GCC_NO_COMMON_BLOCKS = YES;
				GCC_WARN_64_TO_32_BIT_CONVERSION = YES;
				GCC_WARN_ABOUT_RETURN_TYPE = YES_ERROR;
				GCC_WARN_UNDECLARED_SELECTOR = YES;
				GCC_WARN_UNINITIALIZED_AUTOS = YES_AGGRESSIVE;
				GCC_WARN_UNUSED_FUNCTION = YES;
				GCC_WARN_UNUSED_VARIABLE = YES;
				IPHONEOS_DEPLOYMENT_TARGET = 16.0;
				MTL_ENABLE_DEBUG_INFO = NO;
				MTL_FAST_MATH = YES;
				SDKROOT = iphoneos;
				SWIFT_COMPILATION_MODE = wholemodule;
				SWIFT_OPTIMIZATION_LEVEL = "-O";
				VALIDATE_PRODUCT = YES;
			};
			name = Release;
		};
		9FF8344F2907BA8700755E54 /* Debug */ = {
			isa = XCBuildConfiguration;
			buildSettings = {
				ASSETCATALOG_COMPILER_APPICON_NAME = AppIcon;
				ASSETCATALOG_COMPILER_GLOBAL_ACCENT_COLOR_NAME = AccentColor;
				CODE_SIGN_STYLE = Automatic;
				CURRENT_PROJECT_VERSION = 1;
				DEVELOPMENT_ASSET_PATHS = "\"sddappinprogress01/Preview Content\"";
				ENABLE_PREVIEWS = YES;
				GENERATE_INFOPLIST_FILE = YES;
				INFOPLIST_KEY_CFBundleDisplayName = "Cafe Solitude";
				INFOPLIST_KEY_UIApplicationSceneManifest_Generation = YES;
				INFOPLIST_KEY_UIApplicationSupportsIndirectInputEvents = YES;
				INFOPLIST_KEY_UILaunchScreen_Generation = YES;
				INFOPLIST_KEY_UIRequiresFullScreen = YES;
				INFOPLIST_KEY_UISupportedInterfaceOrientations = UIInterfaceOrientationPortrait;
				IPHONEOS_DEPLOYMENT_TARGET = 16.0;
				LD_RUNPATH_SEARCH_PATHS = (
					"$(inherited)",
					"@executable_path/Frameworks",
				);
				MARKETING_VERSION = 1.0;
				PRODUCT_BUNDLE_IDENTIFIER = abillionpaperflowers.sddappinprogress01;
				PRODUCT_NAME = "$(TARGET_NAME)";
				SUPPORTED_PLATFORMS = "iphoneos iphonesimulator";
				SUPPORTS_MACCATALYST = NO;
				SUPPORTS_MAC_DESIGNED_FOR_IPHONE_IPAD = NO;
				SWIFT_EMIT_LOC_STRINGS = YES;
				SWIFT_VERSION = 5.0;
				TARGETED_DEVICE_FAMILY = 1;
			};
			name = Debug;
		};
		9FF834502907BA8700755E54 /* Release */ = {
			isa = XCBuildConfiguration;
			buildSettings = {
				ASSETCATALOG_COMPILER_APPICON_NAME = AppIcon;
				ASSETCATALOG_COMPILER_GLOBAL_ACCENT_COLOR_NAME = AccentColor;
				CODE_SIGN_STYLE = Automatic;
				CURRENT_PROJECT_VERSION = 1;
				DEVELOPMENT_ASSET_PATHS = "\"sddappinprogress01/Preview Content\"";
				ENABLE_PREVIEWS = YES;
				GENERATE_INFOPLIST_FILE = YES;
				INFOPLIST_KEY_CFBundleDisplayName = "Cafe Solitude";
				INFOPLIST_KEY_UIApplicationSceneManifest_Generation = YES;
				INFOPLIST_KEY_UIApplicationSupportsIndirectInputEvents = YES;
				INFOPLIST_KEY_UILaunchScreen_Generation = YES;
				INFOPLIST_KEY_UIRequiresFullScreen = YES;
				INFOPLIST_KEY_UISupportedInterfaceOrientations = UIInterfaceOrientationPortrait;
				IPHONEOS_DEPLOYMENT_TARGET = 16.0;
				LD_RUNPATH_SEARCH_PATHS = (
					"$(inherited)",
					"@executable_path/Frameworks",
				);
				MARKETING_VERSION = 1.0;
				PRODUCT_BUNDLE_IDENTIFIER = abillionpaperflowers.sddappinprogress01;
				PRODUCT_NAME = "$(TARGET_NAME)";
				SUPPORTED_PLATFORMS = "iphoneos iphonesimulator";
				SUPPORTS_MACCATALYST = NO;
				SUPPORTS_MAC_DESIGNED_FOR_IPHONE_IPAD = NO;
				SWIFT_EMIT_LOC_STRINGS = YES;
				SWIFT_VERSION = 5.0;
				TARGETED_DEVICE_FAMILY = 1;
			};
			name = Release;
		};
		9FF834522907BA8700755E54 /* Debug */ = {
			isa = XCBuildConfiguration;
			buildSettings = {
				ALWAYS_EMBED_SWIFT_STANDARD_LIBRARIES = YES;
				BUNDLE_LOADER = "$(TEST_HOST)";
				CODE_SIGN_STYLE = Automatic;
				CURRENT_PROJECT_VERSION = 1;
				GENERATE_INFOPLIST_FILE = YES;
				IPHONEOS_DEPLOYMENT_TARGET = 16.0;
				MARKETING_VERSION = 1.0;
				PRODUCT_BUNDLE_IDENTIFIER = abillionpaperflowers.sddappinprogress01Tests;
				PRODUCT_NAME = "$(TARGET_NAME)";
				SWIFT_EMIT_LOC_STRINGS = NO;
				SWIFT_VERSION = 5.0;
				TARGETED_DEVICE_FAMILY = "1,2";
				TEST_HOST = "$(BUILT_PRODUCTS_DIR)/sddappinprogress01.app/$(BUNDLE_EXECUTABLE_FOLDER_PATH)/sddappinprogress01";
			};
			name = Debug;
		};
		9FF834532907BA8700755E54 /* Release */ = {
			isa = XCBuildConfiguration;
			buildSettings = {
				ALWAYS_EMBED_SWIFT_STANDARD_LIBRARIES = YES;
				BUNDLE_LOADER = "$(TEST_HOST)";
				CODE_SIGN_STYLE = Automatic;
				CURRENT_PROJECT_VERSION = 1;
				GENERATE_INFOPLIST_FILE = YES;
				IPHONEOS_DEPLOYMENT_TARGET = 16.0;
				MARKETING_VERSION = 1.0;
				PRODUCT_BUNDLE_IDENTIFIER = abillionpaperflowers.sddappinprogress01Tests;
				PRODUCT_NAME = "$(TARGET_NAME)";
				SWIFT_EMIT_LOC_STRINGS = NO;
				SWIFT_VERSION = 5.0;
				TARGETED_DEVICE_FAMILY = "1,2";
				TEST_HOST = "$(BUILT_PRODUCTS_DIR)/sddappinprogress01.app/$(BUNDLE_EXECUTABLE_FOLDER_PATH)/sddappinprogress01";
			};
			name = Release;
		};
		9FF834552907BA8700755E54 /* Debug */ = {
			isa = XCBuildConfiguration;
			buildSettings = {
				ALWAYS_EMBED_SWIFT_STANDARD_LIBRARIES = YES;
				CODE_SIGN_STYLE = Automatic;
				CURRENT_PROJECT_VERSION = 1;
				GENERATE_INFOPLIST_FILE = YES;
				MARKETING_VERSION = 1.0;
				PRODUCT_BUNDLE_IDENTIFIER = abillionpaperflowers.sddappinprogress01UITests;
				PRODUCT_NAME = "$(TARGET_NAME)";
				SWIFT_EMIT_LOC_STRINGS = NO;
				SWIFT_VERSION = 5.0;
				TARGETED_DEVICE_FAMILY = "1,2";
				TEST_TARGET_NAME = sddappinprogress01;
			};
			name = Debug;
		};
		9FF834562907BA8700755E54 /* Release */ = {
			isa = XCBuildConfiguration;
			buildSettings = {
				ALWAYS_EMBED_SWIFT_STANDARD_LIBRARIES = YES;
				CODE_SIGN_STYLE = Automatic;
				CURRENT_PROJECT_VERSION = 1;
				GENERATE_INFOPLIST_FILE = YES;
				MARKETING_VERSION = 1.0;
				PRODUCT_BUNDLE_IDENTIFIER = abillionpaperflowers.sddappinprogress01UITests;
				PRODUCT_NAME = "$(TARGET_NAME)";
				SWIFT_EMIT_LOC_STRINGS = NO;
				SWIFT_VERSION = 5.0;
				TARGETED_DEVICE_FAMILY = "1,2";
				TEST_TARGET_NAME = sddappinprogress01;
			};
			name = Release;
		};
/* End XCBuildConfiguration section */

/* Begin XCConfigurationList section */
		9FF834252907BA8500755E54 /* Build configuration list for PBXProject "sddappinprogress01" */ = {
			isa = XCConfigurationList;
			buildConfigurations = (
				9FF8344C2907BA8700755E54 /* Debug */,
				9FF8344D2907BA8700755E54 /* Release */,
			);
			defaultConfigurationIsVisible = 0;
			defaultConfigurationName = Release;
		};
		9FF8344E2907BA8700755E54 /* Build configuration list for PBXNativeTarget "sddappinprogress01" */ = {
			isa = XCConfigurationList;
			buildConfigurations = (
				9FF8344F2907BA8700755E54 /* Debug */,
				9FF834502907BA8700755E54 /* Release */,
			);
			defaultConfigurationIsVisible = 0;
			defaultConfigurationName = Release;
		};
		9FF834512907BA8700755E54 /* Build configuration list for PBXNativeTarget "sddappinprogress01Tests" */ = {
			isa = XCConfigurationList;
			buildConfigurations = (
				9FF834522907BA8700755E54 /* Debug */,
				9FF834532907BA8700755E54 /* Release */,
			);
			defaultConfigurationIsVisible = 0;
			defaultConfigurationName = Release;
		};
		9FF834542907BA8700755E54 /* Build configuration list for PBXNativeTarget "sddappinprogress01UITests" */ = {
			isa = XCConfigurationList;
			buildConfigurations = (
				9FF834552907BA8700755E54 /* Debug */,
				9FF834562907BA8700755E54 /* Release */,
			);
			defaultConfigurationIsVisible = 0;
			defaultConfigurationName = Release;
		};
/* End XCConfigurationList section */
	};
	rootObject = 9FF834222907BA8500755E54 /* Project object */;
}
